
Microsoft Visual Studio Solution File, Format Version 12.00
# Visual Studio 14
VisualStudioVersion = 14.0.24720.0
MinimumVisualStudioVersion = 10.0.40219.1
Project("{FAE04EC0-301F-11D3-BF4B-00C04F79EFBC}") = "EnBici.UI", "EnBici.UI\EnBici.UI.csproj", "{59E81196-D0CF-4B69-8BAB-FBFAE83D88AA}"
EndProject
Project("{FAE04EC0-301F-11D3-BF4B-00C04F79EFBC}") = "EnBici.Datos", "EnBici.Datos\EnBici.Datos.csproj", "{143896F3-F183-4629-8DDB-70E740962DC7}"
EndProject
Project("{FAE04EC0-301F-11D3-BF4B-00C04F79EFBC}") = "EnBici.Negocio", "EnBici.Negocio\EnBici.Negocio.csproj", "{FB38065A-36C2-4D53-B586-8FF5387CEED0}"
EndProject
Project("{FAE04EC0-301F-11D3-BF4B-00C04F79EFBC}") = "EnBici.Entidades", "EnBici.Entidades\EnBici.Entidades.csproj", "{434B927C-C65F-4B37-B71A-3E1DBC754C2D}"
EndProject
Global
	GlobalSection(SolutionConfigurationPlatforms) = preSolution
		Debug|Any CPU = Debug|Any CPU
		Release|Any CPU = Release|Any CPU
	EndGlobalSection
	GlobalSection(ProjectConfigurationPlatforms) = postSolution
		{59E81196-D0CF-4B69-8BAB-FBFAE83D88AA}.Debug|Any CPU.ActiveCfg = Debug|Any CPU
		{59E81196-D0CF-4B69-8BAB-FBFAE83D88AA}.Debug|Any CPU.Build.0 = Debug|Any CPU
		{59E81196-D0CF-4B69-8BAB-FBFAE83D88AA}.Release|Any CPU.ActiveCfg = Release|Any CPU
		{59E81196-D0CF-4B69-8BAB-FBFAE83D88AA}.Release|Any CPU.Build.0 = Release|Any CPU
		{143896F3-F183-4629-8DDB-70E740962DC7}.Debug|Any CPU.ActiveCfg = Debug|Any CPU
		{143896F3-F183-4629-8DDB-70E740962DC7}.Debug|Any CPU.Build.0 = Debug|Any CPU
		{143896F3-F183-4629-8DDB-70E740962DC7}.Release|Any CPU.ActiveCfg = Release|Any CPU
		{143896F3-F183-4629-8DDB-70E740962DC7}.Release|Any CPU.Build.0 = Release|Any CPU
		{FB38065A-36C2-4D53-B586-8FF5387CEED0}.Debug|Any CPU.ActiveCfg = Debug|Any CPU
		{FB38065A-36C2-4D53-B586-8FF5387CEED0}.Debug|Any CPU.Build.0 = Debug|Any CPU
		{FB38065A-36C2-4D53-B586-8FF5387CEED0}.Release|Any CPU.ActiveCfg = Release|Any CPU
		{FB38065A-36C2-4D53-B586-8FF5387CEED0}.Release|Any CPU.Build.0 = Release|Any CPU
		{434B927C-C65F-4B37-B71A-3E1DBC754C2D}.Debug|Any CPU.ActiveCfg = Debug|Any CPU
		{434B927C-C65F-4B37-B71A-3E1DBC754C2D}.Debug|Any CPU.Build.0 = Debug|Any CPU
		{434B927C-C65F-4B37-B71A-3E1DBC754C2D}.Release|Any CPU.ActiveCfg = Release|Any CPU
		{434B927C-C65F-4B37-B71A-3E1DBC754C2D}.Release|Any CPU.Build.0 = Release|Any CPU
	EndGlobalSection
	GlobalSection(SolutionProperties) = preSolution
		HideSolutionNode = FALSE
	EndGlobalSection
	GlobalSection(ExtensibilityGlobals) = postSolution
		EnterpriseLibraryConfigurationToolBinariesPathV6 = packages\EnterpriseLibrary.Common.6.0.1304.0\lib\NET45;packages\EnterpriseLibrary.Data.6.0.1304.0\lib\NET45
	EndGlobalSection
	GlobalSection(TeamFoundationVersionControl) = preSolution
		SccNumberOfProjects = 5
		SccEnterpriseProvider = {4CA58AB2-18FA-4F8D-95D4-32DDF27D184C}
		SccTeamFoundationServer = https://oscarchivite.visualstudio.com/
		SccLocalPath0 = .
		SccProjectUniqueName1 = EnBici.Datos\\EnBici.Datos.csproj
		SccProjectName1 = EnBici.Datos
		SccLocalPath1 = EnBici.Datos
		SccProjectUniqueName2 = EnBici.Entidades\\EnBici.Entidades.csproj
		SccProjectName2 = EnBici.Entidades
		SccLocalPath2 = EnBici.Entidades
		SccProjectUniqueName3 = EnBici.Negocio\\EnBici.Negocio.csproj
		SccProjectName3 = EnBici.Negocio
		SccLocalPath3 = EnBici.Negocio
		SccProjectUniqueName4 = EnBici.UI\\EnBici.UI.csproj
		SccProjectName4 = EnBici.UI
		SccLocalPath4 = EnBici.UI
	EndGlobalSection
EndGlobal
